
Microsoft Visual Studio Solution File, Format Version 12.00
# Visual Studio Version 17
VisualStudioVersion = 17.3.32825.248
MinimumVisualStudioVersion = 10.0.40219.1
Project("{FAE04EC0-301F-11D3-BF4B-00C04F79EFBC}") = "MyContacts", "MyContacts\MyContacts.csproj", "{A9E69925-633C-4A42-B8D0-04E741A9ED9D}"
EndProject
Global
	GlobalSection(SolutionConfigurationPlatforms) = preSolution
		Debug|Any CPU = Debug|Any CPU
		Release|Any CPU = Release|Any CPU
	EndGlobalSection
	GlobalSection(ProjectConfigurationPlatforms) = postSolution
		{A9E69925-633C-4A42-B8D0-04E741A9ED9D}.Debug|Any CPU.ActiveCfg = Debug|Any CPU
		{A9E69925-633C-4A42-B8D0-04E741A9ED9D}.Debug|Any CPU.Build.0 = Debug|Any CPU
		{A9E69925-633C-4A42-B8D0-04E741A9ED9D}.Release|Any CPU.ActiveCfg = Release|Any CPU
		{A9E69925-633C-4A42-B8D0-04E741A9ED9D}.Release|Any CPU.Build.0 = Release|Any CPU
	EndGlobalSection
	GlobalSection(SolutionProperties) = preSolution
		HideSolutionNode = FALSE
	EndGlobalSection
	GlobalSection(ExtensibilityGlobals) = postSolution
		SolutionGuid = {CE8EE4D6-7C56-4EB9-8AE4-7E59BF315911}
	EndGlobalSection
EndGlobal
